
Microsoft Visual Studio Solution File, Format Version 12.00
# Visual Studio Version 16
VisualStudioVersion = 16.0.30002.166
MinimumVisualStudioVersion = 10.0.40219.1
Project("{FAE04EC0-301F-11D3-BF4B-00C04F79EFBC}") = "FinalPAV", "FinalPAV\FinalPAV.csproj", "{52FBE137-7A35-4E24-AB3A-FD7DBC42811C}"
EndProject
Project("{FAE04EC0-301F-11D3-BF4B-00C04F79EFBC}") = "Model", "Model\Model.csproj", "{FE8B681B-635F-420D-ABC9-157C68D0C820}"
EndProject
Project("{FAE04EC0-301F-11D3-BF4B-00C04F79EFBC}") = "DAL", "DAL\DAL.csproj", "{C2C8B6FB-7BAA-468B-90CC-352DBA9814DF}"
EndProject
Global
	GlobalSection(SolutionConfigurationPlatforms) = preSolution
		Debug|Any CPU = Debug|Any CPU
		Release|Any CPU = Release|Any CPU
	EndGlobalSection
	GlobalSection(ProjectConfigurationPlatforms) = postSolution
		{52FBE137-7A35-4E24-AB3A-FD7DBC42811C}.Debug|Any CPU.ActiveCfg = Debug|Any CPU
		{52FBE137-7A35-4E24-AB3A-FD7DBC42811C}.Debug|Any CPU.Build.0 = Debug|Any CPU
		{52FBE137-7A35-4E24-AB3A-FD7DBC42811C}.Release|Any CPU.ActiveCfg = Release|Any CPU
		{52FBE137-7A35-4E24-AB3A-FD7DBC42811C}.Release|Any CPU.Build.0 = Release|Any CPU
		{FE8B681B-635F-420D-ABC9-157C68D0C820}.Debug|Any CPU.ActiveCfg = Debug|Any CPU
		{FE8B681B-635F-420D-ABC9-157C68D0C820}.Debug|Any CPU.Build.0 = Debug|Any CPU
		{FE8B681B-635F-420D-ABC9-157C68D0C820}.Release|Any CPU.ActiveCfg = Release|Any CPU
		{FE8B681B-635F-420D-ABC9-157C68D0C820}.Release|Any CPU.Build.0 = Release|Any CPU
		{C2C8B6FB-7BAA-468B-90CC-352DBA9814DF}.Debug|Any CPU.ActiveCfg = Debug|Any CPU
		{C2C8B6FB-7BAA-468B-90CC-352DBA9814DF}.Debug|Any CPU.Build.0 = Debug|Any CPU
		{C2C8B6FB-7BAA-468B-90CC-352DBA9814DF}.Release|Any CPU.ActiveCfg = Release|Any CPU
		{C2C8B6FB-7BAA-468B-90CC-352DBA9814DF}.Release|Any CPU.Build.0 = Release|Any CPU
	EndGlobalSection
	GlobalSection(SolutionProperties) = preSolution
		HideSolutionNode = FALSE
	EndGlobalSection
	GlobalSection(ExtensibilityGlobals) = postSolution
		SolutionGuid = {4E24E769-589E-4902-BC58-492D913295DD}
	EndGlobalSection
EndGlobal
